{
  "version": "5",
  "specifiers": {
    "jsr:@cliffy/command@*": "1.2.1",
    "jsr:@cliffy/command@1": "1.2.1",
    "jsr:@cliffy/flags@1.2.1": "1.2.1",
    "jsr:@cliffy/internal@1.2.1": "1.2.1",
    "jsr:@cliffy/table@1.2.1": "1.2.1",
    "jsr:@hono/hono@*": "4.12.24",
    "jsr:@std/fmt@^1.0.10": "1.0.10",
    "jsr:@std/text@^1.0.19": "1.0.19",
    "npm:@atproto/api@*": "0.20.15",
    "npm:@atproto/crypto@*": "0.5.0",
    "npm:@atproto/identity@*": "0.5.0"
  },
  "jsr": {
    "@cliffy/command@1.2.1": {
      "integrity": "b7b017c81560d96580ea810c8564566884d8194416f6fc06bfdc8846e8fd590f",
      "dependencies": [
        "jsr:@cliffy/flags",
        "jsr:@cliffy/internal",
        "jsr:@cliffy/table",
        "jsr:@std/fmt",
        "jsr:@std/text"
      ]
    },
    "@cliffy/flags@1.2.1": {
      "integrity": "10034920ef7595db586fecec5a3b10a4ec800c513cbbc368414cd748dac706fb",
      "dependencies": [
        "jsr:@cliffy/internal",
        "jsr:@std/text"
      ]
    },
    "@cliffy/internal@1.2.1": {
      "integrity": "e398f41c6839d3d4d249c963bfcb1058013091425926d53a3cb482b1ca70684b"
    },
    "@cliffy/table@1.2.1": {
      "integrity": "be333e62f2c754f8bf75a38c8177515b152040572c9f75298e9bcef1314b82ff",
      "dependencies": [
        "jsr:@std/fmt"
      ]
    },
    "@hono/hono@4.12.24": {
      "integrity": "a74a40f06ae6704ddd0e8e576f6da9d34666c3e1e0f5412a2c1ff800ffd092f4"
    },
    "@std/fmt@1.0.10": {
      "integrity": "90dfba288802ac6de82fb31d0917eb9e4450b9925b954d5e51fc29ac07419db5"
    },
    "@std/text@1.0.19": {
      "integrity": "003a0e032d360e8c3a4e0410fb792c77a66bd6553fee9d60c6ec1bce30d29223"
    }
  },
  "npm": {
    "@atproto/api@0.20.15": {
      "integrity": "sha512-b9TuVNY9iWIaRXAeKegNCqRsK9tSpB68DE/j/ytVTxEMK+/m43B0DycJND9tnhRiNIY+i7MhwLqNHPak9YaDJg==",
      "dependencies": [
        "@atproto/common-web",
        "@atproto/lexicon",
        "@atproto/syntax",
        "@atproto/xrpc",
        "await-lock",
        "multiformats",
        "tlds",
        "zod"
      ]
    },
    "@atproto/common-web@0.5.0": {
      "integrity": "sha512-ReWnkuZdDU/74/I47gaI26uxQjHmpq4edp41NnZZQ5vIIKGb7Ei6pZHzDTUD9JURo109SKrPx9RMP2IQm0fOKA==",
      "dependencies": [
        "@atproto/lex-data",
        "@atproto/lex-json",
        "@atproto/syntax",
        "zod"
      ]
    },
    "@atproto/crypto@0.5.0": {
      "integrity": "sha512-HBfq6z+tzkiBzPhHOvRFkQU3inTQIUJAkb1UEyGx+pdPTnFFtnfIoo9Kr1ZV/FzMIgnHOA8H2UJC3dxxFl1eVg==",
      "dependencies": [
        "@noble/curves",
        "@noble/hashes",
        "uint8arrays"
      ]
    },
    "@atproto/identity@0.5.0": {
      "integrity": "sha512-9KjpOVhwIMh1CDC3ErcxOof9mfYz+dZrUFRdp1jcaY8xZo4CkQgGBDKG2/6dP1FP4iqfG6r52JGhnTdcCzwBwQ==",
      "dependencies": [
        "@atproto/common-web",
        "@atproto/crypto"
      ]
    },
    "@atproto/lex-data@0.1.1": {
      "integrity": "sha512-/xza8nU/YhtzhETnHL3QKKofaJ28/0NCzhT7LaYoUkm8EgypWp5ykEtmW52yLhQM2JF6fVa25g1soQmNTGqtSg==",
      "dependencies": [
        "multiformats",
        "tslib",
        "uint8arrays",
        "unicode-segmenter"
      ]
    },
    "@atproto/lex-json@0.1.0": {
      "integrity": "sha512-oWUrRMwFyWpmi/5k1Se3xBTbP06XdxBS5iFuUz9LmqItaPXwrWRD87a9ldPvINQ/A2/mn7J6/qug8sDVlhD+vQ==",
      "dependencies": [
        "@atproto/lex-data",
        "tslib"
      ]
    },
    "@atproto/lexicon@0.7.1": {
      "integrity": "sha512-voNfNED5KUxn3vpo7N5DMRblBDfWf7kSfdKhJFC1RrLCxg38YbBzzURNVQJ32bp13Oot8kYfyXBWxTgtKLvw8w==",
      "dependencies": [
        "@atproto/common-web",
        "@atproto/syntax",
        "multiformats",
        "zod"
      ]
    },
    "@atproto/syntax@0.6.1": {
      "integrity": "sha512-kA4dQDoMPpWCH8N0Q4KoSq024u5MkVfDVa8DdhyLjGA72z/khbOf1jXKPv7NIL2oEc9aj7geKELdvqyf4ogopA==",
      "dependencies": [
        "iso-datestring-validator",
        "tslib"
      ]
    },
    "@atproto/xrpc@0.8.0": {
      "integrity": "sha512-NJy02bIKrWlE2NQkRV1kT0Cj0ixbuxlF/MejBdo4cPWAa9v3oZexvAcjjb0zaOYeABkaU14iyIhvn2G4e/oLpw==",
      "dependencies": [
        "@atproto/lexicon",
        "zod"
      ]
    },
    "@noble/curves@1.9.7": {
      "integrity": "sha512-gbKGcRUYIjA3/zCCNaWDciTMFI0dCkvou3TL8Zmy5Nc7sJ47a0jtOeZoTaMxkuqRo9cRhjOdZJXegxYE5FN/xw==",
      "dependencies": [
        "@noble/hashes"
      ]
    },
    "@noble/hashes@1.8.0": {
      "integrity": "sha512-jCs9ldd7NwzpgXDIf6P3+NrHh9/sD6CQdxHyjQI+h/6rDNo88ypBxxz45UDuZHz9r3tNz7N/VInSVoVdtXEI4A=="
    },
    "await-lock@3.0.0": {
      "integrity": "sha512-eO6fLiSnrJrMdjWMNK8zbVRXPs2TKJg78iKZd9wDpN3na5tcoV6EoeiOlMgk2QaAQ1gIrK1YuMsJHXWqz89tSA=="
    },
    "iso-datestring-validator@2.2.2": {
      "integrity": "sha512-yLEMkBbLZTlVQqOnQ4FiMujR6T4DEcCb1xizmvXS+OxuhwcbtynoosRzdMA69zZCShCNAbi+gJ71FxZBBXx1SA=="
    },
    "multiformats@13.4.2": {
      "integrity": "sha512-eh6eHCrRi1+POZ3dA+Dq1C6jhP1GNtr9CRINMb67OKzqW9I5DUuZM/3jLPlzhgpGeiNUlEGEbkCYChXMCc/8DQ=="
    },
    "tlds@1.261.0": {
      "integrity": "sha512-QXqwfEl9ddlGBaRFXIvNKK6OhipSiLXuRuLJX5DErz0o0Q0rYxulWLdFryTkV5PkdZct5iMInwYEGe/eR++1AA==",
      "bin": true
    },
    "tslib@2.8.1": {
      "integrity": "sha512-oJFu94HQb+KVduSUQL7wnpmqnfmLsOA/nAh6b6EH0wCEoK0/mPeXU6c3wKDV83MkOuHPRHtSXKKU99IBazS/2w=="
    },
    "uint8arrays@5.1.1": {
      "integrity": "sha512-9muQwa4wZG4dKi9gMAIBtnk2Pw87SRpvWTH6lOGm19V2Uqxr4uomUf2PGqPnWc+qs06sN8owUU4jfcoWOcfwVQ==",
      "dependencies": [
        "multiformats"
      ]
    },
    "unicode-segmenter@0.14.5": {
      "integrity": "sha512-jHGmj2LUuqDcX3hqY12Ql+uhUTn8huuxNZGq7GvtF6bSybzH3aFgedYu/KTzQStEgt1Ra2F3HxadNXsNjb3m3g=="
    },
    "zod@3.25.76": {
      "integrity": "sha512-gzUt/qt81nXsFGKIFcC3YnfEAx5NkunCfnDlvuBSSFS02bcXu4Lmea0AFIUwbLWxWPx3d9p8S5QoaujKcNQxcQ=="
    }
  },
  "workspace": {
    "dependencies": [
      "jsr:@std/assert@^1.0.19"
    ],
    "members": {
      "hono-did-key-relay-relayer": {
        "dependencies": [
          "jsr:@publicdomainrelay/cli-args-env@0",
          "jsr:@publicdomainrelay/did-key-relay-common@0",
          "jsr:@publicdomainrelay/hono-factory-did-key-relay-relayer-xrpc@0"
        ]
      },
      "hono-did-key-relay-subscriber": {
        "dependencies": [
          "jsr:@hono/hono@*",
          "jsr:@publicdomainrelay/cli-args-env@0",
          "jsr:@publicdomainrelay/did-key-relay-common@0",
          "jsr:@publicdomainrelay/did-key-relay-relayer-xrpc@0",
          "jsr:@publicdomainrelay/did-key-relay-subscriber-xrpc@0",
          "jsr:@publicdomainrelay/hono-factory-did-key-relay-subscriber-xrpc@0"
        ]
      },
      "lib/abc/did-key-relay-relayer": {
        "dependencies": [
          "jsr:@publicdomainrelay/did-key-relay-common@0"
        ]
      },
      "lib/abc/did-key-relay-subscriber": {
        "dependencies": [
          "jsr:@publicdomainrelay/did-key-relay-common@0"
        ]
      },
      "lib/common/cli-args-env": {
        "dependencies": [
          "jsr:@cliffy/command@1"
        ]
      },
      "lib/did-key-relay-relayer-xrpc": {
        "dependencies": [
          "jsr:@publicdomainrelay/did-key-relay-common@0",
          "jsr:@publicdomainrelay/did-key-relay-relayer-abc@0"
        ]
      },
      "lib/did-key-relay-subscriber-xrpc": {
        "dependencies": [
          "jsr:@publicdomainrelay/did-key-relay-common@0",
          "jsr:@publicdomainrelay/did-key-relay-subscriber-abc@0"
        ]
      },
      "lib/hono-factory-did-key-relay-relayer-xrpc": {
        "dependencies": [
          "jsr:@hono/hono@*",
          "jsr:@publicdomainrelay/did-key-relay-common@0",
          "jsr:@publicdomainrelay/did-key-relay-relayer-abc@0",
          "jsr:@publicdomainrelay/did-key-relay-relayer-xrpc@0"
        ]
      },
      "lib/hono-factory-did-key-relay-subscriber-xrpc": {
        "dependencies": [
          "jsr:@publicdomainrelay/did-key-relay-common@0",
          "jsr:@publicdomainrelay/did-key-relay-subscriber-xrpc@0"
        ]
      }
    }
  }
}
