{
  "version": "5",
  "specifiers": {
    "jsr:@cliffy/command@^1.0.0-rc.7": "1.2.1",
    "jsr:@cliffy/flags@1.2.1": "1.2.1",
    "jsr:@cliffy/internal@1.2.1": "1.2.1",
    "jsr:@cliffy/table@1.2.1": "1.2.1",
    "jsr:@hono/hono@*": "4.12.24",
    "jsr:@hono/hono@4": "4.12.24",
    "jsr:@std/assert@^1.0.19": "1.0.19",
    "jsr:@std/fmt@^1.0.10": "1.0.10",
    "jsr:@std/internal@^1.0.12": "1.0.14",
    "jsr:@std/text@^1.0.19": "1.0.19",
    "npm:@atproto/api@*": "0.20.14",
    "npm:@atproto/crypto@*": "0.5.0",
    "npm:@atproto/crypto@0.5": "0.5.0",
    "npm:@atproto/identity@*": "0.5.0"
  },
  "jsr": {
    "@cliffy/command@1.2.1": {
      "integrity": "b7b017c81560d96580ea810c8564566884d8194416f6fc06bfdc8846e8fd590f",
      "dependencies": [
        "jsr:@cliffy/flags",
        "jsr:@cliffy/internal",
        "jsr:@cliffy/table",
        "jsr:@std/fmt",
        "jsr:@std/text"
      ]
    },
    "@cliffy/flags@1.2.1": {
      "integrity": "10034920ef7595db586fecec5a3b10a4ec800c513cbbc368414cd748dac706fb",
      "dependencies": [
        "jsr:@cliffy/internal",
        "jsr:@std/text"
      ]
    },
    "@cliffy/internal@1.2.1": {
      "integrity": "e398f41c6839d3d4d249c963bfcb1058013091425926d53a3cb482b1ca70684b"
    },
    "@cliffy/table@1.2.1": {
      "integrity": "be333e62f2c754f8bf75a38c8177515b152040572c9f75298e9bcef1314b82ff",
      "dependencies": [
        "jsr:@std/fmt"
      ]
    },
    "@hono/hono@4.12.24": {
      "integrity": "a74a40f06ae6704ddd0e8e576f6da9d34666c3e1e0f5412a2c1ff800ffd092f4"
    },
    "@std/assert@1.0.19": {
      "integrity": "eaada96ee120cb980bc47e040f82814d786fe8162ecc53c91d8df60b8755991e",
      "dependencies": [
        "jsr:@std/internal"
      ]
    },
    "@std/fmt@1.0.10": {
      "integrity": "90dfba288802ac6de82fb31d0917eb9e4450b9925b954d5e51fc29ac07419db5"
    },
    "@std/internal@1.0.14": {
      "integrity": "291516b3d4c35024d6ffbc0a9df5bf4c64116e05b50012cf846710152d2ffdf7"
    },
    "@std/text@1.0.19": {
      "integrity": "003a0e032d360e8c3a4e0410fb792c77a66bd6553fee9d60c6ec1bce30d29223"
    }
  },
  "npm": {
    "@atproto/api@0.20.14": {
      "integrity": "sha512-Lv5YcYZpdlkee7qwILTYI1kfHKhKTCf4UUOqahp3FIgxPnLEOxYlRNPahY6cnCz+ZGUctUcpOcXUvSV5OAOztQ==",
      "dependencies": [
        "@atproto/common-web",
        "@atproto/lexicon",
        "@atproto/syntax",
        "@atproto/xrpc",
        "await-lock",
        "multiformats",
        "tlds",
        "zod"
      ]
    },
    "@atproto/common-web@0.5.0": {
      "integrity": "sha512-ReWnkuZdDU/74/I47gaI26uxQjHmpq4edp41NnZZQ5vIIKGb7Ei6pZHzDTUD9JURo109SKrPx9RMP2IQm0fOKA==",
      "dependencies": [
        "@atproto/lex-data",
        "@atproto/lex-json",
        "@atproto/syntax",
        "zod"
      ]
    },
    "@atproto/crypto@0.5.0": {
      "integrity": "sha512-HBfq6z+tzkiBzPhHOvRFkQU3inTQIUJAkb1UEyGx+pdPTnFFtnfIoo9Kr1ZV/FzMIgnHOA8H2UJC3dxxFl1eVg==",
      "dependencies": [
        "@noble/curves",
        "@noble/hashes",
        "uint8arrays"
      ]
    },
    "@atproto/identity@0.5.0": {
      "integrity": "sha512-9KjpOVhwIMh1CDC3ErcxOof9mfYz+dZrUFRdp1jcaY8xZo4CkQgGBDKG2/6dP1FP4iqfG6r52JGhnTdcCzwBwQ==",
      "dependencies": [
        "@atproto/common-web",
        "@atproto/crypto"
      ]
    },
    "@atproto/lex-data@0.1.1": {
      "integrity": "sha512-/xza8nU/YhtzhETnHL3QKKofaJ28/0NCzhT7LaYoUkm8EgypWp5ykEtmW52yLhQM2JF6fVa25g1soQmNTGqtSg==",
      "dependencies": [
        "multiformats",
        "tslib",
        "uint8arrays",
        "unicode-segmenter"
      ]
    },
    "@atproto/lex-json@0.1.0": {
      "integrity": "sha512-oWUrRMwFyWpmi/5k1Se3xBTbP06XdxBS5iFuUz9LmqItaPXwrWRD87a9ldPvINQ/A2/mn7J6/qug8sDVlhD+vQ==",
      "dependencies": [
        "@atproto/lex-data",
        "tslib"
      ]
    },
    "@atproto/lexicon@0.7.1": {
      "integrity": "sha512-voNfNED5KUxn3vpo7N5DMRblBDfWf7kSfdKhJFC1RrLCxg38YbBzzURNVQJ32bp13Oot8kYfyXBWxTgtKLvw8w==",
      "dependencies": [
        "@atproto/common-web",
        "@atproto/syntax",
        "multiformats",
        "zod"
      ]
    },
    "@atproto/syntax@0.6.1": {
      "integrity": "sha512-kA4dQDoMPpWCH8N0Q4KoSq024u5MkVfDVa8DdhyLjGA72z/khbOf1jXKPv7NIL2oEc9aj7geKELdvqyf4ogopA==",
      "dependencies": [
        "iso-datestring-validator",
        "tslib"
      ]
    },
    "@atproto/xrpc@0.8.0": {
      "integrity": "sha512-NJy02bIKrWlE2NQkRV1kT0Cj0ixbuxlF/MejBdo4cPWAa9v3oZexvAcjjb0zaOYeABkaU14iyIhvn2G4e/oLpw==",
      "dependencies": [
        "@atproto/lexicon",
        "zod"
      ]
    },
    "@noble/curves@1.9.7": {
      "integrity": "sha512-gbKGcRUYIjA3/zCCNaWDciTMFI0dCkvou3TL8Zmy5Nc7sJ47a0jtOeZoTaMxkuqRo9cRhjOdZJXegxYE5FN/xw==",
      "dependencies": [
        "@noble/hashes"
      ]
    },
    "@noble/hashes@1.8.0": {
      "integrity": "sha512-jCs9ldd7NwzpgXDIf6P3+NrHh9/sD6CQdxHyjQI+h/6rDNo88ypBxxz45UDuZHz9r3tNz7N/VInSVoVdtXEI4A=="
    },
    "await-lock@3.0.0": {
      "integrity": "sha512-eO6fLiSnrJrMdjWMNK8zbVRXPs2TKJg78iKZd9wDpN3na5tcoV6EoeiOlMgk2QaAQ1gIrK1YuMsJHXWqz89tSA=="
    },
    "iso-datestring-validator@2.2.2": {
      "integrity": "sha512-yLEMkBbLZTlVQqOnQ4FiMujR6T4DEcCb1xizmvXS+OxuhwcbtynoosRzdMA69zZCShCNAbi+gJ71FxZBBXx1SA=="
    },
    "multiformats@13.4.2": {
      "integrity": "sha512-eh6eHCrRi1+POZ3dA+Dq1C6jhP1GNtr9CRINMb67OKzqW9I5DUuZM/3jLPlzhgpGeiNUlEGEbkCYChXMCc/8DQ=="
    },
    "tlds@1.261.0": {
      "integrity": "sha512-QXqwfEl9ddlGBaRFXIvNKK6OhipSiLXuRuLJX5DErz0o0Q0rYxulWLdFryTkV5PkdZct5iMInwYEGe/eR++1AA==",
      "bin": true
    },
    "tslib@2.8.1": {
      "integrity": "sha512-oJFu94HQb+KVduSUQL7wnpmqnfmLsOA/nAh6b6EH0wCEoK0/mPeXU6c3wKDV83MkOuHPRHtSXKKU99IBazS/2w=="
    },
    "uint8arrays@5.1.1": {
      "integrity": "sha512-9muQwa4wZG4dKi9gMAIBtnk2Pw87SRpvWTH6lOGm19V2Uqxr4uomUf2PGqPnWc+qs06sN8owUU4jfcoWOcfwVQ==",
      "dependencies": [
        "multiformats"
      ]
    },
    "unicode-segmenter@0.14.5": {
      "integrity": "sha512-jHGmj2LUuqDcX3hqY12Ql+uhUTn8huuxNZGq7GvtF6bSybzH3aFgedYu/KTzQStEgt1Ra2F3HxadNXsNjb3m3g=="
    },
    "zod@3.25.76": {
      "integrity": "sha512-gzUt/qt81nXsFGKIFcC3YnfEAx5NkunCfnDlvuBSSFS02bcXu4Lmea0AFIUwbLWxWPx3d9p8S5QoaujKcNQxcQ=="
    }
  },
  "workspace": {
    "dependencies": [
      "jsr:@std/assert@^1.0.19",
      "npm:@atproto/crypto@0.5"
    ],
    "members": {
      "hono-did-key-relay-relayer": {
        "dependencies": [
          "jsr:@publicdomainrelay/hono-factory-did-key-relay-relayer-xrpc@0"
        ]
      },
      "hono-did-key-relay-subscriber": {
        "dependencies": [
          "jsr:@hono/hono@*",
          "jsr:@publicdomainrelay/did-key-relay-common@0",
          "jsr:@publicdomainrelay/did-key-relay-subscriber-xrpc@0",
          "jsr:@publicdomainrelay/hono-factory-did-key-relay-subscriber-xrpc@0",
          "npm:@atproto/api@*",
          "npm:@atproto/crypto@*",
          "npm:@atproto/identity@*"
        ]
      },
      "hono-did-key-relay-tunnel": {
        "dependencies": [
          "jsr:@publicdomainrelay/did-key-relay-subscriber-xrpc@0"
        ]
      },
      "hono-did-key-relay-tunnel-subscriber": {
        "dependencies": [
          "jsr:@publicdomainrelay/did-key-relay-subscriber-xrpc@0",
          "npm:@atproto/crypto@0.5"
        ]
      },
      "lib/abc/did-key-relay-relayer": {
        "dependencies": [
          "jsr:@publicdomainrelay/did-key-relay-common@0"
        ]
      },
      "lib/abc/did-key-relay-subscriber": {
        "dependencies": [
          "jsr:@publicdomainrelay/did-key-relay-common@0"
        ]
      },
      "lib/did-key-relay-relayer-xrpc": {
        "dependencies": [
          "jsr:@publicdomainrelay/did-key-relay-common@0",
          "jsr:@publicdomainrelay/did-key-relay-relayer-abc@0",
          "npm:@atproto/crypto@0.5"
        ]
      },
      "lib/did-key-relay-subscriber-xrpc": {
        "dependencies": [
          "jsr:@publicdomainrelay/did-key-relay-common@0",
          "jsr:@publicdomainrelay/did-key-relay-subscriber-abc@0",
          "jsr:@publicdomainrelay/logger@0"
        ]
      },
      "lib/hono-factory-did-key-relay-relayer-xrpc": {
        "dependencies": [
          "jsr:@hono/hono@*",
          "jsr:@publicdomainrelay/did-key-relay-common@0",
          "jsr:@publicdomainrelay/did-key-relay-relayer-abc@0",
          "jsr:@publicdomainrelay/did-key-relay-relayer-xrpc@0",
          "jsr:@publicdomainrelay/logger@0"
        ]
      },
      "lib/hono-factory-did-key-relay-subscriber-xrpc": {
        "dependencies": [
          "jsr:@publicdomainrelay/did-key-relay-common@0",
          "jsr:@publicdomainrelay/did-key-relay-subscriber-xrpc@0"
        ]
      }
    },
    "links": {
      "jsr:@publicdomainrelay/atproto-attestation-port@0.0.0": {
        "dependencies": [
          "npm:@ipld/dag-cbor@^9.2.0",
          "npm:@noble/curves@^1.9.7",
          "npm:@noble/hashes@^1.8.0",
          "npm:multiformats@^13.3.0"
        ]
      },
      "jsr:@publicdomainrelay/atproto-helpers@0.0.0": {
        "dependencies": [
          "npm:@atproto/api@~0.20.8",
          "npm:@atproto/common-web@0.5",
          "npm:@atproto/identity@0.5"
        ]
      },
      "jsr:@publicdomainrelay/atproto-relay-abc@0.0.0": {
        "dependencies": [
          "jsr:@publicdomainrelay/atproto-relay-common@0"
        ]
      },
      "jsr:@publicdomainrelay/atproto-relay-common@0.0.0": {},
      "jsr:@publicdomainrelay/atproto-relay-xrpc@0.0.0": {
        "dependencies": [
          "jsr:@publicdomainrelay/atproto-relay-abc@0",
          "jsr:@publicdomainrelay/atproto-relay-common@0",
          "jsr:@publicdomainrelay/event-bus@0.1",
          "jsr:@publicdomainrelay/logger@0"
        ]
      },
      "jsr:@publicdomainrelay/atproto-repo-abc@0.0.0": {},
      "jsr:@publicdomainrelay/atproto-repo-common@0.0.0": {},
      "jsr:@publicdomainrelay/atproto-repo-deno@0.0.0": {},
      "jsr:@publicdomainrelay/cli-args-env@0.1.0": {
        "dependencies": [
          "jsr:@cliffy/command@^1.0.0-rc.7"
        ]
      },
      "jsr:@publicdomainrelay/cloud-init-common@0.0.0": {},
      "jsr:@publicdomainrelay/compute-deno-abc@0.0.0": {
        "dependencies": [
          "jsr:@publicdomainrelay/compute-deno-common@0"
        ]
      },
      "jsr:@publicdomainrelay/compute-deno-atproto@0.0.0": {
        "dependencies": [
          "jsr:@publicdomainrelay/compute-deno-abc@0",
          "jsr:@publicdomainrelay/compute-deno-common@0",
          "jsr:@publicdomainrelay/sandbox-abc@0",
          "jsr:@publicdomainrelay/sandbox-common@0",
          "npm:@atproto/crypto@0.5",
          "npm:@ipld/dag-cbor@^9.2.0"
        ]
      },
      "jsr:@publicdomainrelay/compute-deno-common@0.0.0": {},
      "jsr:@publicdomainrelay/compute-provider-abc@0.0.0": {},
      "jsr:@publicdomainrelay/compute-provider-common@0.0.0": {},
      "jsr:@publicdomainrelay/compute-provider-digitalocean@0.0.0": {
        "dependencies": [
          "jsr:@publicdomainrelay/compute-provider-abc@0",
          "jsr:@publicdomainrelay/oidc-issuer-hono@0",
          "jsr:@publicdomainrelay/serve@0",
          "npm:yaml@^2.7.0"
        ]
      },
      "jsr:@publicdomainrelay/compute-provider-local@0.0.0": {
        "dependencies": [
          "jsr:@publicdomainrelay/compute-provider-abc@0",
          "jsr:@publicdomainrelay/oidc-issuer-hono@0",
          "jsr:@publicdomainrelay/serve@0",
          "npm:yaml@^2.7.0"
        ]
      },
      "jsr:@publicdomainrelay/container-backend-abc@0.0.0": {
        "dependencies": [
          "jsr:@publicdomainrelay/container-backend-common@0"
        ]
      },
      "jsr:@publicdomainrelay/container-backend-common@0.0.0": {},
      "jsr:@publicdomainrelay/container-backend-container@0.0.0": {
        "dependencies": [
          "jsr:@publicdomainrelay/container-backend-abc@0",
          "jsr:@publicdomainrelay/container-backend-common@0"
        ]
      },
      "jsr:@publicdomainrelay/container-backend-docker@0.0.0": {
        "dependencies": [
          "jsr:@publicdomainrelay/container-backend-abc@0",
          "jsr:@publicdomainrelay/container-backend-common@0"
        ]
      },
      "jsr:@publicdomainrelay/did-plc@0.0.0": {
        "dependencies": [
          "npm:@ipld/dag-cbor@9",
          "npm:multiformats@13"
        ]
      },
      "jsr:@publicdomainrelay/event-bus@0.1.0": {},
      "jsr:@publicdomainrelay/firehose-watcher-abc@0.0.0": {
        "dependencies": [
          "jsr:@publicdomainrelay/logger@0"
        ]
      },
      "jsr:@publicdomainrelay/firehose-watcher-jetstream@0.0.0": {
        "dependencies": [
          "jsr:@publicdomainrelay/firehose-watcher-abc@0"
        ]
      },
      "jsr:@publicdomainrelay/firehose-watcher-subscriberepos@0.0.0": {
        "dependencies": [
          "jsr:@publicdomainrelay/firehose-watcher-abc@0"
        ]
      },
      "jsr:@publicdomainrelay/hono-error-middleware@0.1.0": {
        "dependencies": [
          "jsr:@hono/hono@4",
          "jsr:@publicdomainrelay/logger@0"
        ]
      },
      "jsr:@publicdomainrelay/hono-factory-atproto-relay-xrpc@0.0.0": {
        "dependencies": [
          "jsr:@publicdomainrelay/atproto-relay-abc@0",
          "jsr:@publicdomainrelay/atproto-relay-common@0",
          "jsr:@publicdomainrelay/atproto-relay-xrpc@0",
          "jsr:@publicdomainrelay/hono-error-middleware@0.1",
          "jsr:@publicdomainrelay/hostname-helpers@0.1",
          "jsr:@publicdomainrelay/logger@0"
        ]
      },
      "jsr:@publicdomainrelay/hono-factory-atproto-repo-deno@0.0.0": {},
      "jsr:@publicdomainrelay/hono-factory-compute-deno-atproto@0.0.0": {
        "dependencies": [
          "jsr:@hono/hono@4",
          "jsr:@publicdomainrelay/compute-deno-abc@0",
          "jsr:@publicdomainrelay/compute-deno-atproto@0",
          "jsr:@publicdomainrelay/compute-deno-common@0",
          "jsr:@publicdomainrelay/hono-error-middleware@0",
          "jsr:@publicdomainrelay/sandbox-abc@0"
        ]
      },
      "jsr:@publicdomainrelay/hono-factory-compute-provider-digitalocean@0.0.0": {
        "dependencies": [
          "npm:hono@4"
        ]
      },
      "jsr:@publicdomainrelay/hono-factory-compute-provider-local@0.0.0": {
        "dependencies": [
          "jsr:@publicdomainrelay/compute-provider-abc@0",
          "npm:hono@4"
        ]
      },
      "jsr:@publicdomainrelay/hono-factory-did-plc-directory@0.0.0": {
        "dependencies": [
          "jsr:@hono/hono@4",
          "jsr:@publicdomainrelay/did-plc@0",
          "npm:@ipld/dag-cbor@^9.2.0",
          "npm:multiformats@^13.3.0"
        ]
      },
      "jsr:@publicdomainrelay/hono-factory-market-atproto@0.0.0": {
        "dependencies": [
          "jsr:@hono/hono@4",
          "jsr:@publicdomainrelay/market-atproto@0",
          "jsr:@publicdomainrelay/market-common@0",
          "jsr:@publicdomainrelay/market-lexicons@0"
        ]
      },
      "jsr:@publicdomainrelay/hono-factory-market-settlement-free@0.0.0": {
        "dependencies": [
          "jsr:@hono/hono@4",
          "jsr:@publicdomainrelay/market-atproto@0",
          "jsr:@publicdomainrelay/market-common@0",
          "jsr:@publicdomainrelay/market-settlement-free@0"
        ]
      },
      "jsr:@publicdomainrelay/hono-factory-market-settlement-x402@0.0.0": {
        "dependencies": [
          "jsr:@hono/hono@4",
          "jsr:@publicdomainrelay/market-atproto@0",
          "jsr:@publicdomainrelay/market-common@0",
          "jsr:@publicdomainrelay/market-settlement-x402@0"
        ]
      },
      "jsr:@publicdomainrelay/hono-factory-package-registry@0.0.0": {
        "dependencies": [
          "jsr:@publicdomainrelay/package-store-abc@0",
          "npm:hono@^4.12.23"
        ]
      },
      "jsr:@publicdomainrelay/hono-factory-requester-xrpc@0.0.0": {
        "dependencies": [
          "jsr:@hono/hono@4",
          "jsr:@publicdomainrelay/logger@0",
          "jsr:@publicdomainrelay/market-atproto@0",
          "jsr:@publicdomainrelay/market-common@0",
          "jsr:@publicdomainrelay/requester-abc@0",
          "npm:@atproto/identity@0.5"
        ]
      },
      "jsr:@publicdomainrelay/hono-factory-sandbox-deno@0.0.0": {
        "dependencies": [
          "jsr:@publicdomainrelay/sandbox-abc@0",
          "jsr:@publicdomainrelay/sandbox-deno@0"
        ]
      },
      "jsr:@publicdomainrelay/hono-factory-static-files-fs@0.1.0": {
        "dependencies": [
          "jsr:@hono/hono@4",
          "jsr:@publicdomainrelay/event-bus@0",
          "jsr:@publicdomainrelay/hono-error-middleware@0",
          "jsr:@publicdomainrelay/http-error@0",
          "jsr:@publicdomainrelay/logger@0"
        ]
      },
      "jsr:@publicdomainrelay/hono-http-static@0.1.0": {
        "dependencies": [
          "jsr:@publicdomainrelay/cli-args-env@0",
          "jsr:@publicdomainrelay/event-bus@0",
          "jsr:@publicdomainrelay/hono-factory-static-files-fs@0",
          "jsr:@publicdomainrelay/logger@0",
          "jsr:@publicdomainrelay/serve@0"
        ]
      },
      "jsr:@publicdomainrelay/hostname-helpers@0.1.0": {},
      "jsr:@publicdomainrelay/http-error@0.1.0": {},
      "jsr:@publicdomainrelay/logger@0.2.0": {},
      "jsr:@publicdomainrelay/market-abc@0.0.0": {},
      "jsr:@publicdomainrelay/market-atproto@0.0.0": {
        "dependencies": [
          "npm:@atproto/api@~0.20.8",
          "npm:@atproto/common-web@0.5",
          "npm:@atproto/crypto@~0.4.4",
          "npm:@atproto/identity@0.5",
          "npm:@atproto/xrpc-server@~0.11.1",
          "npm:@atproto/xrpc@0.7"
        ]
      },
      "jsr:@publicdomainrelay/market-bidder-abc@0.0.0": {},
      "jsr:@publicdomainrelay/market-bidder-compute@0.0.0": {},
      "jsr:@publicdomainrelay/market-bidder-worker@0.0.0": {},
      "jsr:@publicdomainrelay/market-bidder@0.0.0": {},
      "jsr:@publicdomainrelay/market-common@0.0.0": {},
      "jsr:@publicdomainrelay/market-lexicons@0.0.0": {
        "dependencies": [
          "npm:@atproto/lex@~0.1.3"
        ]
      },
      "jsr:@publicdomainrelay/market-registry-abc@0.0.0": {},
      "jsr:@publicdomainrelay/market-registry-atproto@0.0.0": {},
      "jsr:@publicdomainrelay/market-settlement-free@0.0.0": {},
      "jsr:@publicdomainrelay/market-settlement-x402@0.0.0": {},
      "jsr:@publicdomainrelay/oidc-issuer-abc@0.0.0": {
        "dependencies": [
          "jsr:@publicdomainrelay/logger@0"
        ]
      },
      "jsr:@publicdomainrelay/oidc-issuer-hono@0.0.0": {
        "dependencies": [
          "jsr:@publicdomainrelay/logger@0.2",
          "jsr:@publicdomainrelay/oidc-issuer-abc@0",
          "jsr:@publicdomainrelay/rbac-atproto@0",
          "npm:hono@4",
          "npm:jose@5",
          "npm:yaml@^2.7.0"
        ]
      },
      "jsr:@publicdomainrelay/package-store-abc@0.0.0": {},
      "jsr:@publicdomainrelay/package-store-composite@0.0.0": {
        "dependencies": [
          "jsr:@publicdomainrelay/package-store-abc@0"
        ]
      },
      "jsr:@publicdomainrelay/package-store-local-fs@0.0.0": {
        "dependencies": [
          "jsr:@publicdomainrelay/package-store-abc@0"
        ]
      },
      "jsr:@publicdomainrelay/package-store-remote-git@0.0.0": {
        "dependencies": [
          "jsr:@publicdomainrelay/package-store-abc@0"
        ]
      },
      "jsr:@publicdomainrelay/qemu-standalone@0.0.0": {},
      "jsr:@publicdomainrelay/rbac-atproto@0.0.0": {
        "dependencies": [
          "jsr:@publicdomainrelay/compute-provider-abc@0",
          "jsr:@publicdomainrelay/oidc-issuer-abc@0"
        ]
      },
      "jsr:@publicdomainrelay/requester-abc@0.0.0": {
        "dependencies": [
          "jsr:@publicdomainrelay/logger@0",
          "jsr:@publicdomainrelay/serve@0"
        ]
      },
      "jsr:@publicdomainrelay/requester-xrpc@0.0.0": {
        "dependencies": [
          "jsr:@publicdomainrelay/atproto-repo-abc@0",
          "jsr:@publicdomainrelay/atproto-repo-deno@0",
          "jsr:@publicdomainrelay/cloud-init-common@0",
          "jsr:@publicdomainrelay/did-plc@0",
          "jsr:@publicdomainrelay/hono-factory-atproto-repo-deno@0",
          "jsr:@publicdomainrelay/logger@0",
          "jsr:@publicdomainrelay/market-abc@0",
          "jsr:@publicdomainrelay/market-atproto@0",
          "jsr:@publicdomainrelay/market-common@0",
          "jsr:@publicdomainrelay/requester-abc@0",
          "jsr:@publicdomainrelay/serve@0",
          "jsr:@publicdomainrelay/xrpc-relay@0",
          "npm:@atproto/common-web@0.5",
          "npm:@atproto/common@0.5",
          "npm:@atproto/crypto@~0.4.4",
          "npm:@atproto/identity@0.5"
        ]
      },
      "jsr:@publicdomainrelay/sandbox-abc@0.0.0": {},
      "jsr:@publicdomainrelay/sandbox-common@0.0.0": {
        "dependencies": [
          "jsr:@publicdomainrelay/cli-args-env@0"
        ]
      },
      "jsr:@publicdomainrelay/sandbox-deno@0.0.0": {
        "dependencies": [
          "jsr:@publicdomainrelay/sandbox-abc@0.0.0",
          "jsr:@publicdomainrelay/sandbox-common@0"
        ]
      },
      "jsr:@publicdomainrelay/serve@0.0.0": {
        "dependencies": [
          "jsr:@hono/hono@4",
          "jsr:@publicdomainrelay/logger@0"
        ]
      },
      "jsr:@publicdomainrelay/utils-attestation-key@0.0.0": {},
      "jsr:@publicdomainrelay/xrpc-relay@0.0.0": {
        "dependencies": [
          "jsr:@publicdomainrelay/atproto-repo-deno@0",
          "jsr:@publicdomainrelay/did-key-relay-common@0",
          "jsr:@publicdomainrelay/did-key-relay-subscriber-abc@0",
          "jsr:@publicdomainrelay/did-key-relay-subscriber-xrpc@0",
          "jsr:@publicdomainrelay/hono-factory-did-key-relay-subscriber-xrpc@0",
          "jsr:@publicdomainrelay/hostname-helpers@0",
          "jsr:@publicdomainrelay/logger@0",
          "jsr:@publicdomainrelay/serve@0"
        ]
      }
    }
  }
}
